
Microsoft Visual Studio Solution File, Format Version 12.00
# Visual Studio Version 16
VisualStudioVersion = 16.0.29709.97
MinimumVisualStudioVersion = 10.0.40219.1
Project("{FAE04EC0-301F-11D3-BF4B-00C04F79EFBC}") = "HelloWorld", "HelloWorld\HelloWorld.csproj", "{B678BC19-31FB-459E-A032-A541911036B9}"
EndProject
Global
	GlobalSection(SolutionConfigurationPlatforms) = preSolution
		Debug|Any CPU = Debug|Any CPU
		Release|Any CPU = Release|Any CPU
	EndGlobalSection
	GlobalSection(ProjectConfigurationPlatforms) = postSolution
		{B678BC19-31FB-459E-A032-A541911036B9}.Debug|Any CPU.ActiveCfg = Debug|Any CPU
		{B678BC19-31FB-459E-A032-A541911036B9}.Debug|Any CPU.Build.0 = Debug|Any CPU
		{B678BC19-31FB-459E-A032-A541911036B9}.Release|Any CPU.ActiveCfg = Release|Any CPU
		{B678BC19-31FB-459E-A032-A541911036B9}.Release|Any CPU.Build.0 = Release|Any CPU
	EndGlobalSection
	GlobalSection(SolutionProperties) = preSolution
		HideSolutionNode = FALSE
	EndGlobalSection
	GlobalSection(ExtensibilityGlobals) = postSolution
		SolutionGuid = {D48129B1-7AC5-4B6C-8892-56A4DB9B57EA}
	EndGlobalSection
EndGlobal
